
Microsoft Visual Studio Solution File, Format Version 12.00
# Visual Studio Version 17
VisualStudioVersion = 17.9.34728.123
MinimumVisualStudioVersion = 10.0.40219.1
Project("{FAE04EC0-301F-11D3-BF4B-00C04F79EFBC}") = "Register_Login_Task", "Register_Login_Task.csproj", "{2DDCAB39-DDFC-4176-8645-4E2427DF1BBA}"
EndProject
Global
	GlobalSection(SolutionConfigurationPlatforms) = preSolution
		Debug|Any CPU = Debug|Any CPU
		Release|Any CPU = Release|Any CPU
	EndGlobalSection
	GlobalSection(ProjectConfigurationPlatforms) = postSolution
		{2DDCAB39-DDFC-4176-8645-4E2427DF1BBA}.Debug|Any CPU.ActiveCfg = Debug|Any CPU
		{2DDCAB39-DDFC-4176-8645-4E2427DF1BBA}.Debug|Any CPU.Build.0 = Debug|Any CPU
		{2DDCAB39-DDFC-4176-8645-4E2427DF1BBA}.Release|Any CPU.ActiveCfg = Release|Any CPU
		{2DDCAB39-DDFC-4176-8645-4E2427DF1BBA}.Release|Any CPU.Build.0 = Release|Any CPU
	EndGlobalSection
	GlobalSection(SolutionProperties) = preSolution
		HideSolutionNode = FALSE
	EndGlobalSection
	GlobalSection(ExtensibilityGlobals) = postSolution
		SolutionGuid = {06167FEC-FDF9-4033-8BDD-20C016BB1EDD}
	EndGlobalSection
EndGlobal
